
Microsoft Visual Studio Solution File, Format Version 12.00
# Visual Studio Version 17
VisualStudioVersion = 17.2.32516.85
MinimumVisualStudioVersion = 10.0.40219.1
Project("{FAE04EC0-301F-11D3-BF4B-00C04F79EFBC}") = "RPG", "RPG\RPG.csproj", "{D98F4F0E-98F9-485F-A73F-93EE04357A07}"
EndProject
Global
	GlobalSection(SolutionConfigurationPlatforms) = preSolution
		Debug|Any CPU = Debug|Any CPU
		Release|Any CPU = Release|Any CPU
	EndGlobalSection
	GlobalSection(ProjectConfigurationPlatforms) = postSolution
		{D98F4F0E-98F9-485F-A73F-93EE04357A07}.Debug|Any CPU.ActiveCfg = Debug|Any CPU
		{D98F4F0E-98F9-485F-A73F-93EE04357A07}.Debug|Any CPU.Build.0 = Debug|Any CPU
		{D98F4F0E-98F9-485F-A73F-93EE04357A07}.Release|Any CPU.ActiveCfg = Release|Any CPU
		{D98F4F0E-98F9-485F-A73F-93EE04357A07}.Release|Any CPU.Build.0 = Release|Any CPU
	EndGlobalSection
	GlobalSection(SolutionProperties) = preSolution
		HideSolutionNode = FALSE
	EndGlobalSection
	GlobalSection(ExtensibilityGlobals) = postSolution
		SolutionGuid = {E341F295-1DE1-42EA-B7D0-BDAA49E2378A}
	EndGlobalSection
EndGlobal
