
Microsoft Visual Studio Solution File, Format Version 12.00
# Visual Studio Version 17
VisualStudioVersion = 17.2.32516.85
MinimumVisualStudioVersion = 10.0.40219.1
Project("{FAE04EC0-301F-11D3-BF4B-00C04F79EFBC}") = "FileDirOpdracht", "FileDirOpdracht\FileDirOpdracht.csproj", "{BA923D9B-FC06-4CCF-9999-E7779734D8DA}"
EndProject
Global
	GlobalSection(SolutionConfigurationPlatforms) = preSolution
		Debug|Any CPU = Debug|Any CPU
		Release|Any CPU = Release|Any CPU
	EndGlobalSection
	GlobalSection(ProjectConfigurationPlatforms) = postSolution
		{BA923D9B-FC06-4CCF-9999-E7779734D8DA}.Debug|Any CPU.ActiveCfg = Debug|Any CPU
		{BA923D9B-FC06-4CCF-9999-E7779734D8DA}.Debug|Any CPU.Build.0 = Debug|Any CPU
		{BA923D9B-FC06-4CCF-9999-E7779734D8DA}.Release|Any CPU.ActiveCfg = Release|Any CPU
		{BA923D9B-FC06-4CCF-9999-E7779734D8DA}.Release|Any CPU.Build.0 = Release|Any CPU
	EndGlobalSection
	GlobalSection(SolutionProperties) = preSolution
		HideSolutionNode = FALSE
	EndGlobalSection
	GlobalSection(ExtensibilityGlobals) = postSolution
		SolutionGuid = {92C6F04E-C814-441A-9196-6872B7A8D8D6}
	EndGlobalSection
EndGlobal
